
Microsoft Visual Studio Solution File, Format Version 12.00
# Visual Studio Version 17
VisualStudioVersion = 17.1.32203.90
MinimumVisualStudioVersion = 10.0.40219.1
Project("{9A19103F-16F7-4668-BE54-9A1E7A4F7556}") = "MyWebApp", "MyWebApp\MyWebApp.csproj", "{90324087-B317-4F08-AD7F-D72932060F74}"
EndProject
Project("{9A19103F-16F7-4668-BE54-9A1E7A4F7556}") = "Common", "Common\Common.csproj", "{D4BE7CE5-111B-4DC8-8B87-9785B52D034C}"
EndProject
Project("{9A19103F-16F7-4668-BE54-9A1E7A4F7556}") = "UnitTests", "UnitTests\UnitTests.csproj", "{8D9C0188-D817-42C9-824B-D5DA7351C29C}"
EndProject
Global
	GlobalSection(SolutionConfigurationPlatforms) = preSolution
		Debug|Any CPU = Debug|Any CPU
		Release|Any CPU = Release|Any CPU
	EndGlobalSection
	GlobalSection(ProjectConfigurationPlatforms) = postSolution
		{90324087-B317-4F08-AD7F-D72932060F74}.Debug|Any CPU.ActiveCfg = Debug|Any CPU
		{90324087-B317-4F08-AD7F-D72932060F74}.Debug|Any CPU.Build.0 = Debug|Any CPU
		{90324087-B317-4F08-AD7F-D72932060F74}.Release|Any CPU.ActiveCfg = Release|Any CPU
		{90324087-B317-4F08-AD7F-D72932060F74}.Release|Any CPU.Build.0 = Release|Any CPU
		{D4BE7CE5-111B-4DC8-8B87-9785B52D034C}.Debug|Any CPU.ActiveCfg = Debug|Any CPU
		{D4BE7CE5-111B-4DC8-8B87-9785B52D034C}.Debug|Any CPU.Build.0 = Debug|Any CPU
		{D4BE7CE5-111B-4DC8-8B87-9785B52D034C}.Release|Any CPU.ActiveCfg = Release|Any CPU
		{D4BE7CE5-111B-4DC8-8B87-9785B52D034C}.Release|Any CPU.Build.0 = Release|Any CPU
		{8D9C0188-D817-42C9-824B-D5DA7351C29C}.Debug|Any CPU.ActiveCfg = Debug|Any CPU
		{8D9C0188-D817-42C9-824B-D5DA7351C29C}.Debug|Any CPU.Build.0 = Debug|Any CPU
		{8D9C0188-D817-42C9-824B-D5DA7351C29C}.Release|Any CPU.ActiveCfg = Release|Any CPU
		{8D9C0188-D817-42C9-824B-D5DA7351C29C}.Release|Any CPU.Build.0 = Release|Any CPU
	EndGlobalSection
	GlobalSection(SolutionProperties) = preSolution
		HideSolutionNode = FALSE
	EndGlobalSection
	GlobalSection(ExtensibilityGlobals) = postSolution
		SolutionGuid = {653BAB56-9BB5-4E07-816B-6DD71C4E977D}
	EndGlobalSection
EndGlobal
